
Microsoft Visual Studio Solution File, Format Version 12.00
# Visual Studio 2012
Project("{FAE04EC0-301F-11D3-BF4B-00C04F79EFBC}") = "automapper", "automapper\automapper.csproj", "{AF9026C3-B6B5-407E-BE62-D22BAE57103F}"
EndProject
Global
	GlobalSection(SolutionConfigurationPlatforms) = preSolution
		Debug|Any CPU = Debug|Any CPU
		Release|Any CPU = Release|Any CPU
	EndGlobalSection
	GlobalSection(ProjectConfigurationPlatforms) = postSolution
		{AF9026C3-B6B5-407E-BE62-D22BAE57103F}.Debug|Any CPU.ActiveCfg = Debug|Any CPU
		{AF9026C3-B6B5-407E-BE62-D22BAE57103F}.Debug|Any CPU.Build.0 = Debug|Any CPU
		{AF9026C3-B6B5-407E-BE62-D22BAE57103F}.Release|Any CPU.ActiveCfg = Release|Any CPU
		{AF9026C3-B6B5-407E-BE62-D22BAE57103F}.Release|Any CPU.Build.0 = Release|Any CPU
	EndGlobalSection
	GlobalSection(SolutionProperties) = preSolution
		HideSolutionNode = FALSE
	EndGlobalSection
EndGlobal
